
Microsoft Visual Studio Solution File, Format Version 12.00
Project("{2150E333-8FDC-42A3-9474-1A3956D46DE8}") = "Services", "Services", "{953C9A82-4154-4B0B-9ED4-B548B213E630}"
EndProject
Project("{2150E333-8FDC-42A3-9474-1A3956D46DE8}") = "ReservationAPI", "ReservationAPI", "{ED04F9AD-3192-42C8-A6A7-5E2F8110A474}"
EndProject
Project("{2150E333-8FDC-42A3-9474-1A3956D46DE8}") = "ContactAPI", "ContactAPI", "{CC57BDCA-22B4-4B42-8FC0-D782E97D2B6B}"
EndProject
Project("{FAE04EC0-301F-11D3-BF4B-00C04F79EFBC}") = "APIGateway", "APIGateway\APIGateway.csproj", "{09E65873-4872-49E5-AFEC-FCE9F31EB5A3}"
EndProject
Project("{FAE04EC0-301F-11D3-BF4B-00C04F79EFBC}") = "Contact.API", "Services\ContactAPI\Contact.API\Contact.API.csproj", "{3B41EC0A-C311-4F36-9083-572D00D9EC71}"
EndProject
Project("{FAE04EC0-301F-11D3-BF4B-00C04F79EFBC}") = "Contact.API.Infrastructure", "Services\ContactAPI\Contact.API.Infrastructure\Contact.API.Infrastructure.csproj", "{C9932D94-177E-4108-9456-D69CE57AC618}"
EndProject
Project("{FAE04EC0-301F-11D3-BF4B-00C04F79EFBC}") = "Reservation.API", "Services\ReservationAPI\Reservation.API\Reservation.API.csproj", "{0B53D561-4BEB-454E-9391-CF6C39778A5B}"
EndProject
Project("{FAE04EC0-301F-11D3-BF4B-00C04F79EFBC}") = "Contact.API.Models", "Services\ContactAPI\Contact.API.Models\Contact.API.Models.csproj", "{15482151-6A15-4295-B98F-A32E1D7E1848}"
EndProject
Project("{FAE04EC0-301F-11D3-BF4B-00C04F79EFBC}") = "Contact.API.Services", "Services\ContactAPI\Contact.API.Services\Contact.API.Services.csproj", "{F07720DB-B258-4AF5-95CA-232B3636C452}"
EndProject
Project("{FAE04EC0-301F-11D3-BF4B-00C04F79EFBC}") = "Reservation.API.Infrastructure", "Services\ReservationAPI\Reservation.API.Infrastructure\Reservation.API.Infrastructure.csproj", "{C87F1C19-31D2-42F8-B24B-22C35CD1789D}"
EndProject
Project("{FAE04EC0-301F-11D3-BF4B-00C04F79EFBC}") = "Reservation.API.Models", "Services\ReservationAPI\Reservation.API.Models\Reservation.API.Models.csproj", "{06BF92AD-DE1B-4D7D-AA4E-B53241DE55F2}"
EndProject
Project("{FAE04EC0-301F-11D3-BF4B-00C04F79EFBC}") = "Reservation.API.Services", "Services\ReservationAPI\Reservation.API.Services\Reservation.API.Services.csproj", "{E5F36898-D582-4C4F-A682-58EA6D6A6AA3}"
EndProject
Global
	GlobalSection(SolutionConfigurationPlatforms) = preSolution
		Debug|Any CPU = Debug|Any CPU
		Release|Any CPU = Release|Any CPU
	EndGlobalSection
	GlobalSection(NestedProjects) = preSolution
		{ED04F9AD-3192-42C8-A6A7-5E2F8110A474} = {953C9A82-4154-4B0B-9ED4-B548B213E630}
		{CC57BDCA-22B4-4B42-8FC0-D782E97D2B6B} = {953C9A82-4154-4B0B-9ED4-B548B213E630}
		{3B41EC0A-C311-4F36-9083-572D00D9EC71} = {CC57BDCA-22B4-4B42-8FC0-D782E97D2B6B}
		{C9932D94-177E-4108-9456-D69CE57AC618} = {CC57BDCA-22B4-4B42-8FC0-D782E97D2B6B}
		{0B53D561-4BEB-454E-9391-CF6C39778A5B} = {ED04F9AD-3192-42C8-A6A7-5E2F8110A474}
		{15482151-6A15-4295-B98F-A32E1D7E1848} = {CC57BDCA-22B4-4B42-8FC0-D782E97D2B6B}
		{F07720DB-B258-4AF5-95CA-232B3636C452} = {CC57BDCA-22B4-4B42-8FC0-D782E97D2B6B}
		{C87F1C19-31D2-42F8-B24B-22C35CD1789D} = {ED04F9AD-3192-42C8-A6A7-5E2F8110A474}
		{06BF92AD-DE1B-4D7D-AA4E-B53241DE55F2} = {ED04F9AD-3192-42C8-A6A7-5E2F8110A474}
		{E5F36898-D582-4C4F-A682-58EA6D6A6AA3} = {ED04F9AD-3192-42C8-A6A7-5E2F8110A474}
	EndGlobalSection
	GlobalSection(ProjectConfigurationPlatforms) = postSolution
		{09E65873-4872-49E5-AFEC-FCE9F31EB5A3}.Debug|Any CPU.ActiveCfg = Debug|Any CPU
		{09E65873-4872-49E5-AFEC-FCE9F31EB5A3}.Debug|Any CPU.Build.0 = Debug|Any CPU
		{09E65873-4872-49E5-AFEC-FCE9F31EB5A3}.Release|Any CPU.ActiveCfg = Release|Any CPU
		{09E65873-4872-49E5-AFEC-FCE9F31EB5A3}.Release|Any CPU.Build.0 = Release|Any CPU
		{3B41EC0A-C311-4F36-9083-572D00D9EC71}.Debug|Any CPU.ActiveCfg = Debug|Any CPU
		{3B41EC0A-C311-4F36-9083-572D00D9EC71}.Debug|Any CPU.Build.0 = Debug|Any CPU
		{3B41EC0A-C311-4F36-9083-572D00D9EC71}.Release|Any CPU.ActiveCfg = Release|Any CPU
		{3B41EC0A-C311-4F36-9083-572D00D9EC71}.Release|Any CPU.Build.0 = Release|Any CPU
		{C9932D94-177E-4108-9456-D69CE57AC618}.Debug|Any CPU.ActiveCfg = Debug|Any CPU
		{C9932D94-177E-4108-9456-D69CE57AC618}.Debug|Any CPU.Build.0 = Debug|Any CPU
		{C9932D94-177E-4108-9456-D69CE57AC618}.Release|Any CPU.ActiveCfg = Release|Any CPU
		{C9932D94-177E-4108-9456-D69CE57AC618}.Release|Any CPU.Build.0 = Release|Any CPU
		{0B53D561-4BEB-454E-9391-CF6C39778A5B}.Debug|Any CPU.ActiveCfg = Debug|Any CPU
		{0B53D561-4BEB-454E-9391-CF6C39778A5B}.Debug|Any CPU.Build.0 = Debug|Any CPU
		{0B53D561-4BEB-454E-9391-CF6C39778A5B}.Release|Any CPU.ActiveCfg = Release|Any CPU
		{0B53D561-4BEB-454E-9391-CF6C39778A5B}.Release|Any CPU.Build.0 = Release|Any CPU
		{15482151-6A15-4295-B98F-A32E1D7E1848}.Debug|Any CPU.ActiveCfg = Debug|Any CPU
		{15482151-6A15-4295-B98F-A32E1D7E1848}.Debug|Any CPU.Build.0 = Debug|Any CPU
		{15482151-6A15-4295-B98F-A32E1D7E1848}.Release|Any CPU.ActiveCfg = Release|Any CPU
		{15482151-6A15-4295-B98F-A32E1D7E1848}.Release|Any CPU.Build.0 = Release|Any CPU
		{F07720DB-B258-4AF5-95CA-232B3636C452}.Debug|Any CPU.ActiveCfg = Debug|Any CPU
		{F07720DB-B258-4AF5-95CA-232B3636C452}.Debug|Any CPU.Build.0 = Debug|Any CPU
		{F07720DB-B258-4AF5-95CA-232B3636C452}.Release|Any CPU.ActiveCfg = Release|Any CPU
		{F07720DB-B258-4AF5-95CA-232B3636C452}.Release|Any CPU.Build.0 = Release|Any CPU
		{C87F1C19-31D2-42F8-B24B-22C35CD1789D}.Debug|Any CPU.ActiveCfg = Debug|Any CPU
		{C87F1C19-31D2-42F8-B24B-22C35CD1789D}.Debug|Any CPU.Build.0 = Debug|Any CPU
		{C87F1C19-31D2-42F8-B24B-22C35CD1789D}.Release|Any CPU.ActiveCfg = Release|Any CPU
		{C87F1C19-31D2-42F8-B24B-22C35CD1789D}.Release|Any CPU.Build.0 = Release|Any CPU
		{06BF92AD-DE1B-4D7D-AA4E-B53241DE55F2}.Debug|Any CPU.ActiveCfg = Debug|Any CPU
		{06BF92AD-DE1B-4D7D-AA4E-B53241DE55F2}.Debug|Any CPU.Build.0 = Debug|Any CPU
		{06BF92AD-DE1B-4D7D-AA4E-B53241DE55F2}.Release|Any CPU.ActiveCfg = Release|Any CPU
		{06BF92AD-DE1B-4D7D-AA4E-B53241DE55F2}.Release|Any CPU.Build.0 = Release|Any CPU
		{E5F36898-D582-4C4F-A682-58EA6D6A6AA3}.Debug|Any CPU.ActiveCfg = Debug|Any CPU
		{E5F36898-D582-4C4F-A682-58EA6D6A6AA3}.Debug|Any CPU.Build.0 = Debug|Any CPU
		{E5F36898-D582-4C4F-A682-58EA6D6A6AA3}.Release|Any CPU.ActiveCfg = Release|Any CPU
		{E5F36898-D582-4C4F-A682-58EA6D6A6AA3}.Release|Any CPU.Build.0 = Release|Any CPU
	EndGlobalSection
EndGlobal
